
Microsoft Visual Studio Solution File, Format Version 12.00
# Visual Studio Version 16
VisualStudioVersion = 16.0.30804.86
MinimumVisualStudioVersion = 10.0.40219.1
Project("{FAE04EC0-301F-11D3-BF4B-00C04F79EFBC}") = "dmand", "dmand\dmand.csproj", "{AED07668-7CD8-4078-8777-9ACB22B3BEE0}"
EndProject
Global
	GlobalSection(SolutionConfigurationPlatforms) = preSolution
		Debug|Any CPU = Debug|Any CPU
		Release|Any CPU = Release|Any CPU
	EndGlobalSection
	GlobalSection(ProjectConfigurationPlatforms) = postSolution
		{AED07668-7CD8-4078-8777-9ACB22B3BEE0}.Debug|Any CPU.ActiveCfg = Debug|Any CPU
		{AED07668-7CD8-4078-8777-9ACB22B3BEE0}.Debug|Any CPU.Build.0 = Debug|Any CPU
		{AED07668-7CD8-4078-8777-9ACB22B3BEE0}.Release|Any CPU.ActiveCfg = Release|Any CPU
		{AED07668-7CD8-4078-8777-9ACB22B3BEE0}.Release|Any CPU.Build.0 = Release|Any CPU
	EndGlobalSection
	GlobalSection(SolutionProperties) = preSolution
		HideSolutionNode = FALSE
	EndGlobalSection
	GlobalSection(ExtensibilityGlobals) = postSolution
		SolutionGuid = {FC20AB3A-9CA5-421C-BC96-DEDB1CB732F7}
	EndGlobalSection
EndGlobal
